
Microsoft Visual Studio Solution File, Format Version 12.00
# Visual Studio Version 17
VisualStudioVersion = 17.10.34928.147
MinimumVisualStudioVersion = 10.0.40219.1
Project("{FAE04EC0-301F-11D3-BF4B-00C04F79EFBC}") = "BusOnTime", "BusOnTime\BusOnTime.csproj", "{DE0F0955-56A5-4A28-A542-5BE8FCB3E7FC}"
EndProject
Global
	GlobalSection(SolutionConfigurationPlatforms) = preSolution
		Debug|Any CPU = Debug|Any CPU
		Release|Any CPU = Release|Any CPU
	EndGlobalSection
	GlobalSection(ProjectConfigurationPlatforms) = postSolution
		{DE0F0955-56A5-4A28-A542-5BE8FCB3E7FC}.Debug|Any CPU.ActiveCfg = Debug|Any CPU
		{DE0F0955-56A5-4A28-A542-5BE8FCB3E7FC}.Debug|Any CPU.Build.0 = Debug|Any CPU
		{DE0F0955-56A5-4A28-A542-5BE8FCB3E7FC}.Release|Any CPU.ActiveCfg = Release|Any CPU
		{DE0F0955-56A5-4A28-A542-5BE8FCB3E7FC}.Release|Any CPU.Build.0 = Release|Any CPU
	EndGlobalSection
	GlobalSection(SolutionProperties) = preSolution
		HideSolutionNode = FALSE
	EndGlobalSection
	GlobalSection(ExtensibilityGlobals) = postSolution
		SolutionGuid = {3A7BC873-A2A1-44CE-BAF3-E31552F75805}
	EndGlobalSection
EndGlobal
