
Microsoft Visual Studio Solution File, Format Version 12.00
# Visual Studio Version 17
VisualStudioVersion = 17.10.34928.147
MinimumVisualStudioVersion = 10.0.40219.1
Project("{9A19103F-16F7-4668-BE54-9A1E7A4F7556}") = "BusOnTime.Web", "BusOnTime\BusOnTime.Web.csproj", "{DE0F0955-56A5-4A28-A542-5BE8FCB3E7FC}"
EndProject
Project("{FAE04EC0-301F-11D3-BF4B-00C04F79EFBC}") = "BusOnTime.Application", "BusOnTime.Application\BusOnTime.Application.csproj", "{EBDCA0F0-651B-4FFE-93BC-4357CA6E0F56}"
EndProject
Project("{FAE04EC0-301F-11D3-BF4B-00C04F79EFBC}") = "BusOnTime.Data", "BusOnTime.Data\BusOnTime.Data.csproj", "{83F58364-579E-4CDC-8034-DEA089DBA41C}"
EndProject
Project("{FAE04EC0-301F-11D3-BF4B-00C04F79EFBC}") = "Application.Tests", "BusOnTime.Application.Tests\Application.Tests.csproj", "{9AFBDB71-BD04-45D3-B3B6-6F1389A6F58E}"
EndProject
Project("{FAE04EC0-301F-11D3-BF4B-00C04F79EFBC}") = "Data.Tests", "BusOnTime.Data.Tests\Data.Tests.csproj", "{9DB3CB80-056B-4C9B-8E3C-C8F418DF32A7}"
EndProject
Project("{2150E333-8FDC-42A3-9474-1A3956D46DE8}") = "BusOnTime.Tests", "BusOnTime.Tests", "{8A1B56F1-6897-47AE-B05B-E9C809300C7D}"
EndProject
Project("{FAE04EC0-301F-11D3-BF4B-00C04F79EFBC}") = "Web.Tests", "BusOnTime.Web.Tests\Web.Tests.csproj", "{139DD985-664C-49E3-9DB3-8B9EAD0DAB73}"
EndProject
Global
	GlobalSection(SolutionConfigurationPlatforms) = preSolution
		Debug|Any CPU = Debug|Any CPU
		Release|Any CPU = Release|Any CPU
	EndGlobalSection
	GlobalSection(ProjectConfigurationPlatforms) = postSolution
		{DE0F0955-56A5-4A28-A542-5BE8FCB3E7FC}.Debug|Any CPU.ActiveCfg = Debug|Any CPU
		{DE0F0955-56A5-4A28-A542-5BE8FCB3E7FC}.Debug|Any CPU.Build.0 = Debug|Any CPU
		{DE0F0955-56A5-4A28-A542-5BE8FCB3E7FC}.Release|Any CPU.ActiveCfg = Release|Any CPU
		{DE0F0955-56A5-4A28-A542-5BE8FCB3E7FC}.Release|Any CPU.Build.0 = Release|Any CPU
		{EBDCA0F0-651B-4FFE-93BC-4357CA6E0F56}.Debug|Any CPU.ActiveCfg = Debug|Any CPU
		{EBDCA0F0-651B-4FFE-93BC-4357CA6E0F56}.Debug|Any CPU.Build.0 = Debug|Any CPU
		{EBDCA0F0-651B-4FFE-93BC-4357CA6E0F56}.Release|Any CPU.ActiveCfg = Release|Any CPU
		{EBDCA0F0-651B-4FFE-93BC-4357CA6E0F56}.Release|Any CPU.Build.0 = Release|Any CPU
		{83F58364-579E-4CDC-8034-DEA089DBA41C}.Debug|Any CPU.ActiveCfg = Debug|Any CPU
		{83F58364-579E-4CDC-8034-DEA089DBA41C}.Debug|Any CPU.Build.0 = Debug|Any CPU
		{83F58364-579E-4CDC-8034-DEA089DBA41C}.Release|Any CPU.ActiveCfg = Release|Any CPU
		{83F58364-579E-4CDC-8034-DEA089DBA41C}.Release|Any CPU.Build.0 = Release|Any CPU
	EndGlobalSection
	GlobalSection(SolutionProperties) = preSolution
		HideSolutionNode = FALSE
	EndGlobalSection
	GlobalSection(ExtensibilityGlobals) = postSolution
		SolutionGuid = {3A7BC873-A2A1-44CE-BAF3-E31552F75805}
	EndGlobalSection
EndGlobal
