
Microsoft Visual Studio Solution File, Format Version 12.00
# Visual Studio Version 17
VisualStudioVersion = 17.10.34928.147
MinimumVisualStudioVersion = 10.0.40219.1

Project("{9A19103F-16F7-4668-BE54-9A1E7A4F7556}") = "ForestEquipTrack.Api", "ForestEquipTrack\ForestEquipTrack.Api.csproj", "{DE0F0955-56A5-4A28-A542-5BE8FCB3E7FC}"
EndProject
Project("{9A19103F-16F7-4668-BE54-9A1E7A4F7556}") = "ForestEquipTrack.Application", "ForestEquipTrack.Application\ForestEquipTrack.Application.csproj", "{EBDCA0F0-651B-4FFE-93BC-4357CA6E0F56}"
EndProject
Project("{9A19103F-16F7-4668-BE54-9A1E7A4F7556}") = "ForestEquipTrack.Domain", "ForestEquipTrack.Data\ForestEquipTrack.Domain.csproj", "{83F58364-579E-4CDC-8034-DEA089DBA41C}"
EndProject
Project("{9A19103F-16F7-4668-BE54-9A1E7A4F7556}") = "Application.Tests", "ForestEquipTrack.Application.Tests\Application.Tests.csproj", "{9AFBDB71-BD04-45D3-B3B6-6F1389A6F58E}"
EndProject
Project("{9A19103F-16F7-4668-BE54-9A1E7A4F7556}") = "ForestEquipTrack.Infrastructure", "ForestEquipTrack.Infrastructure\ForestEquipTrack.Infrastructure\ForestEquipTrack.Infrastructure.csproj", "{E6D9AE43-8ACE-45A4-B794-28A22EE2B43D}"
EndProject
Project("{2150E333-8FDC-42A3-9474-1A3956D46DE8}") = "src", "src", "{26D1525E-0BE2-441F-AFF2-D7A65397EF8A}"
EndProject
Project("{2150E333-8FDC-42A3-9474-1A3956D46DE8}") = "tests", "tests", "{D9C982C2-C18E-45EA-9D3F-505A08D628A1}"
EndProject
Global
	GlobalSection(SolutionConfigurationPlatforms) = preSolution
		Debug|Any CPU = Debug|Any CPU
		Release|Any CPU = Release|Any CPU
	EndGlobalSection
	GlobalSection(ProjectConfigurationPlatforms) = postSolution
		{DE0F0955-56A5-4A28-A542-5BE8FCB3E7FC}.Debug|Any CPU.ActiveCfg = Debug|Any CPU
		{DE0F0955-56A5-4A28-A542-5BE8FCB3E7FC}.Debug|Any CPU.Build.0 = Debug|Any CPU
		{DE0F0955-56A5-4A28-A542-5BE8FCB3E7FC}.Release|Any CPU.ActiveCfg = Release|Any CPU
		{DE0F0955-56A5-4A28-A542-5BE8FCB3E7FC}.Release|Any CPU.Build.0 = Release|Any CPU
		{EBDCA0F0-651B-4FFE-93BC-4357CA6E0F56}.Debug|Any CPU.ActiveCfg = Debug|Any CPU
		{EBDCA0F0-651B-4FFE-93BC-4357CA6E0F56}.Debug|Any CPU.Build.0 = Debug|Any CPU
		{EBDCA0F0-651B-4FFE-93BC-4357CA6E0F56}.Release|Any CPU.ActiveCfg = Release|Any CPU
		{EBDCA0F0-651B-4FFE-93BC-4357CA6E0F56}.Release|Any CPU.Build.0 = Release|Any CPU
		{83F58364-579E-4CDC-8034-DEA089DBA41C}.Debug|Any CPU.ActiveCfg = Debug|Any CPU
		{83F58364-579E-4CDC-8034-DEA089DBA41C}.Debug|Any CPU.Build.0 = Debug|Any CPU
		{83F58364-579E-4CDC-8034-DEA089DBA41C}.Release|Any CPU.ActiveCfg = Release|Any CPU
		{83F58364-579E-4CDC-8034-DEA089DBA41C}.Release|Any CPU.Build.0 = Release|Any CPU
		{9AFBDB71-BD04-45D3-B3B6-6F1389A6F58E}.Debug|Any CPU.ActiveCfg = Debug|Any CPU
		{9AFBDB71-BD04-45D3-B3B6-6F1389A6F58E}.Debug|Any CPU.Build.0 = Debug|Any CPU
		{9AFBDB71-BD04-45D3-B3B6-6F1389A6F58E}.Release|Any CPU.ActiveCfg = Release|Any CPU
		{9AFBDB71-BD04-45D3-B3B6-6F1389A6F58E}.Release|Any CPU.Build.0 = Release|Any CPU
		{E6D9AE43-8ACE-45A4-B794-28A22EE2B43D}.Debug|Any CPU.ActiveCfg = Debug|Any CPU
		{E6D9AE43-8ACE-45A4-B794-28A22EE2B43D}.Debug|Any CPU.Build.0 = Debug|Any CPU
		{E6D9AE43-8ACE-45A4-B794-28A22EE2B43D}.Release|Any CPU.ActiveCfg = Release|Any CPU
		{E6D9AE43-8ACE-45A4-B794-28A22EE2B43D}.Release|Any CPU.Build.0 = Release|Any CPU
	EndGlobalSection
	GlobalSection(SolutionProperties) = preSolution
		HideSolutionNode = FALSE
	EndGlobalSection
	GlobalSection(NestedProjects) = preSolution
		{DE0F0955-56A5-4A28-A542-5BE8FCB3E7FC} = {26D1525E-0BE2-441F-AFF2-D7A65397EF8A}
		{EBDCA0F0-651B-4FFE-93BC-4357CA6E0F56} = {26D1525E-0BE2-441F-AFF2-D7A65397EF8A}
		{83F58364-579E-4CDC-8034-DEA089DBA41C} = {26D1525E-0BE2-441F-AFF2-D7A65397EF8A}
		{9AFBDB71-BD04-45D3-B3B6-6F1389A6F58E} = {D9C982C2-C18E-45EA-9D3F-505A08D628A1}
		{E6D9AE43-8ACE-45A4-B794-28A22EE2B43D} = {26D1525E-0BE2-441F-AFF2-D7A65397EF8A}
	EndGlobalSection
	GlobalSection(ExtensibilityGlobals) = postSolution
		SolutionGuid = {3A7BC873-A2A1-44CE-BAF3-E31552F75805}
	EndGlobalSection
EndGlobal
